
Microsoft Visual Studio Solution File, Format Version 12.00
Project("{FAE04EC0-301F-11D3-BF4B-00C04F79EFBC}") = "MultiComboBox", "MultiComboBox.csproj", "{60CD0423-219B-49C5-9771-9BEDCAC67EFC}"
EndProject
Project("{2150E333-8FDC-42A3-9474-1A3956D46DE8}") = "datein", "datein", "{353EE3A0-2589-4E36-AF71-18669FBBF7BA}"
ProjectSection(SolutionItems) = preProject
	README.md = README.md
EndProjectSection
EndProject
Global
	GlobalSection(SolutionConfigurationPlatforms) = preSolution
		Release|Any CPU = Release|Any CPU
		Debug|Any CPU = Debug|Any CPU
	EndGlobalSection
	GlobalSection(ProjectConfigurationPlatforms) = postSolution
		{60CD0423-219B-49C5-9771-9BEDCAC67EFC}.Release|Any CPU.ActiveCfg = Release|Any CPU
		{60CD0423-219B-49C5-9771-9BEDCAC67EFC}.Release|Any CPU.Build.0 = Release|Any CPU
		{60CD0423-219B-49C5-9771-9BEDCAC67EFC}.Debug|Any CPU.ActiveCfg = Debug|Any CPU
		{60CD0423-219B-49C5-9771-9BEDCAC67EFC}.Debug|Any CPU.Build.0 = Debug|Any CPU
	EndGlobalSection
EndGlobal
